
Microsoft Visual Studio Solution File, Format Version 11.00
# Visual Studio 2010
Project("{FAE04EC0-301F-11D3-BF4B-00C04F79EFBC}") = "angular-intro", "angular-intro.csproj", "{FF6DFDC1-E64F-41BA-BE09-67D1470D7B96}"
EndProject
Global
	GlobalSection(SolutionConfigurationPlatforms) = preSolution
		Debug|Any CPU = Debug|Any CPU
		Release|Any CPU = Release|Any CPU
	EndGlobalSection
	GlobalSection(ProjectConfigurationPlatforms) = postSolution
		{FF6DFDC1-E64F-41BA-BE09-67D1470D7B96}.Debug|Any CPU.ActiveCfg = Debug|Any CPU
		{FF6DFDC1-E64F-41BA-BE09-67D1470D7B96}.Debug|Any CPU.Build.0 = Debug|Any CPU
		{FF6DFDC1-E64F-41BA-BE09-67D1470D7B96}.Release|Any CPU.ActiveCfg = Release|Any CPU
		{FF6DFDC1-E64F-41BA-BE09-67D1470D7B96}.Release|Any CPU.Build.0 = Release|Any CPU
	EndGlobalSection
	GlobalSection(SolutionProperties) = preSolution
		HideSolutionNode = FALSE
	EndGlobalSection
EndGlobal
